
Microsoft Visual Studio Solution File, Format Version 12.00
# Visual Studio Version 17
VisualStudioVersion = 17.14.37012.4 d17.14
MinimumVisualStudioVersion = 10.0.40219.1
Project("{8BC9CEB8-8B4A-11D0-8D11-00A0C91BC942}") = "Vectors_Challenge_1", "Vectors_Challenge_1\Vectors_Challenge_1.vcxproj", "{FB7C61AC-4233-4591-8C04-BCD793290711}"
EndProject
Global
	GlobalSection(SolutionConfigurationPlatforms) = preSolution
		Debug|x64 = Debug|x64
		Debug|x86 = Debug|x86
		Release|x64 = Release|x64
		Release|x86 = Release|x86
	EndGlobalSection
	GlobalSection(ProjectConfigurationPlatforms) = postSolution
		{FB7C61AC-4233-4591-8C04-BCD793290711}.Debug|x64.ActiveCfg = Debug|x64
		{FB7C61AC-4233-4591-8C04-BCD793290711}.Debug|x64.Build.0 = Debug|x64
		{FB7C61AC-4233-4591-8C04-BCD793290711}.Debug|x86.ActiveCfg = Debug|Win32
		{FB7C61AC-4233-4591-8C04-BCD793290711}.Debug|x86.Build.0 = Debug|Win32
		{FB7C61AC-4233-4591-8C04-BCD793290711}.Release|x64.ActiveCfg = Release|x64
		{FB7C61AC-4233-4591-8C04-BCD793290711}.Release|x64.Build.0 = Release|x64
		{FB7C61AC-4233-4591-8C04-BCD793290711}.Release|x86.ActiveCfg = Release|Win32
		{FB7C61AC-4233-4591-8C04-BCD793290711}.Release|x86.Build.0 = Release|Win32
	EndGlobalSection
	GlobalSection(SolutionProperties) = preSolution
		HideSolutionNode = FALSE
	EndGlobalSection
	GlobalSection(ExtensibilityGlobals) = postSolution
		SolutionGuid = {0C7A604E-B4EE-436C-BF1F-5BB0EA810FCE}
	EndGlobalSection
EndGlobal
